// !$*UTF8*$!
{
	archiveVersion = 1;
	classes = {
	};
	objectVersion = 46;
	objects = {

/* Begin PBXBuildFile section */
		36A5A54C187D2AB40011D16E /* Foundation.framework in Frameworks */ = {isa = PBXBuildFile; fileRef = 36A5A54B187D2AB40011D16E /* Foundation.framework */; };
		36A5A54E187D2AB40011D16E /* CoreGraphics.framework in Frameworks */ = {isa = PBXBuildFile; fileRef = 36A5A54D187D2AB40011D16E /* CoreGraphics.framework */; };
		36A5A550187D2AB40011D16E /* UIKit.framework in Frameworks */ = {isa = PBXBuildFile; fileRef = 36A5A54F187D2AB40011D16E /* UIKit.framework */; };
		36A5A556187D2AB40011D16E /* InfoPlist.strings in Resources */ = {isa = PBXBuildFile; fileRef = 36A5A554187D2AB40011D16E /* InfoPlist.strings */; };
		36A5A558187D2AB40011D16E /* main.m in Sources */ = {isa = PBXBuildFile; fileRef = 36A5A557187D2AB40011D16E /* main.m */; };
		36A5A55C187D2AB40011D16E /* AppDelegate.m in Sources */ = {isa = PBXBuildFile; fileRef = 36A5A55B187D2AB40011D16E /* AppDelegate.m */; };
		36A5A55F187D2AB40011D16E /* Main.storyboard in Resources */ = {isa = PBXBuildFile; fileRef = 36A5A55D187D2AB40011D16E /* Main.storyboard */; };
		36A5A567187D2AB40011D16E /* Images.xcassets in Resources */ = {isa = PBXBuildFile; fileRef = 36A5A566187D2AB40011D16E /* Images.xcassets */; };
		36A5A56E187D2AB40011D16E /* XCTest.framework in Frameworks */ = {isa = PBXBuildFile; fileRef = 36A5A56D187D2AB40011D16E /* XCTest.framework */; };
		36A5A56F187D2AB40011D16E /* Foundation.framework in Frameworks */ = {isa = PBXBuildFile; fileRef = 36A5A54B187D2AB40011D16E /* Foundation.framework */; };
		36A5A570187D2AB40011D16E /* UIKit.framework in Frameworks */ = {isa = PBXBuildFile; fileRef = 36A5A54F187D2AB40011D16E /* UIKit.framework */; };
		36A5A578187D2AB40011D16E /* InfoPlist.strings in Resources */ = {isa = PBXBuildFile; fileRef = 36A5A576187D2AB40011D16E /* InfoPlist.strings */; };
		36A5A57A187D2AB40011D16E /* Key_chainTests.m in Sources */ = {isa = PBXBuildFile; fileRef = 36A5A579187D2AB40011D16E /* Key_chainTests.m */; };
		36A5A585187D2C470011D16E /* BLECentralSingleton.m in Sources */ = {isa = PBXBuildFile; fileRef = 36A5A584187D2C470011D16E /* BLECentralSingleton.m */; };
		36A5A588187DB4F90011D16E /* KeyChainViewController.m in Sources */ = {isa = PBXBuildFile; fileRef = 36A5A587187DB4F90011D16E /* KeyChainViewController.m */; };
		36A5A58B187DB7640011D16E /* BLEDeviceViewController.m in Sources */ = {isa = PBXBuildFile; fileRef = 36A5A58A187DB7640011D16E /* BLEDeviceViewController.m */; };
		36C3419418C75D630022BD0A /* KeyChainSettingViewController.m in Sources */ = {isa = PBXBuildFile; fileRef = 36C3419318C75D630022BD0A /* KeyChainSettingViewController.m */; };
		36C3419718C839730022BD0A /* SprintronCBPeripheral.m in Sources */ = {isa = PBXBuildFile; fileRef = 36C3419618C839730022BD0A /* SprintronCBPeripheral.m */; };
		36C3419A18CC7E9B0022BD0A /* Conn_params_ViewController.m in Sources */ = {isa = PBXBuildFile; fileRef = 36C3419918CC7E9B0022BD0A /* Conn_params_ViewController.m */; };
		36F9A9C318B9CE8A00DFFCEA /* KeychainProfile.m in Sources */ = {isa = PBXBuildFile; fileRef = 36F9A9C218B9CE8A00DFFCEA /* KeychainProfile.m */; };
		36F9EC3718AF1F4500B7E664 /* Keychain.m in Sources */ = {isa = PBXBuildFile; fileRef = 36F9EC3618AF1F4500B7E664 /* Keychain.m */; };
		36F9EC3A18B080FF00B7E664 /* KeyChainDetailViewController.m in Sources */ = {isa = PBXBuildFile; fileRef = 36F9EC3918B080FF00B7E664 /* KeyChainDetailViewController.m */; };
		36F9EC3D18B2E89100B7E664 /* SprintronBLECentral.m in Sources */ = {isa = PBXBuildFile; fileRef = 36F9EC3C18B2E89100B7E664 /* SprintronBLECentral.m */; };
		36F9EC3F18B2F76D00B7E664 /* Sprintron_logo_300x300.jpg in Resources */ = {isa = PBXBuildFile; fileRef = 36F9EC3E18B2F76D00B7E664 /* Sprintron_logo_300x300.jpg */; };
		36FFBAE818CD02A9009501A5 /* Sprintron_Utility.m in Sources */ = {isa = PBXBuildFile; fileRef = 36FFBAE718CD02A9009501A5 /* Sprintron_Utility.m */; };
/* End PBXBuildFile section */

/* Begin PBXContainerItemProxy section */
		36A5A571187D2AB40011D16E /* PBXContainerItemProxy */ = {
			isa = PBXContainerItemProxy;
			containerPortal = 36A5A540187D2AB40011D16E /* Project object */;
			proxyType = 1;
			remoteGlobalIDString = 36A5A547187D2AB40011D16E;
			remoteInfo = Key_chain;
		};
/* End PBXContainerItemProxy section */

/* Begin PBXFileReference section */
		36A5A548187D2AB40011D16E /* Key_chain.app */ = {isa = PBXFileReference; explicitFileType = wrapper.application; includeInIndex = 0; path = Key_chain.app; sourceTree = BUILT_PRODUCTS_DIR; };
		36A5A54B187D2AB40011D16E /* Foundation.framework */ = {isa = PBXFileReference; lastKnownFileType = wrapper.framework; name = Foundation.framework; path = System/Library/Frameworks/Foundation.framework; sourceTree = SDKROOT; };
		36A5A54D187D2AB40011D16E /* CoreGraphics.framework */ = {isa = PBXFileReference; lastKnownFileType = wrapper.framework; name = CoreGraphics.framework; path = System/Library/Frameworks/CoreGraphics.framework; sourceTree = SDKROOT; };
		36A5A54F187D2AB40011D16E /* UIKit.framework */ = {isa = PBXFileReference; lastKnownFileType = wrapper.framework; name = UIKit.framework; path = System/Library/Frameworks/UIKit.framework; sourceTree = SDKROOT; };
		36A5A553187D2AB40011D16E /* Key_chain-Info.plist */ = {isa = PBXFileReference; lastKnownFileType = text.plist.xml; path = "Key_chain-Info.plist"; sourceTree = "<group>"; };
		36A5A555187D2AB40011D16E /* en */ = {isa = PBXFileReference; lastKnownFileType = text.plist.strings; name = en; path = en.lproj/InfoPlist.strings; sourceTree = "<group>"; };
		36A5A557187D2AB40011D16E /* main.m */ = {isa = PBXFileReference; lastKnownFileType = sourcecode.c.objc; path = main.m; sourceTree = "<group>"; };
		36A5A559187D2AB40011D16E /* Key_chain-Prefix.pch */ = {isa = PBXFileReference; lastKnownFileType = sourcecode.c.h; path = "Key_chain-Prefix.pch"; sourceTree = "<group>"; };
		36A5A55A187D2AB40011D16E /* AppDelegate.h */ = {isa = PBXFileReference; lastKnownFileType = sourcecode.c.h; path = AppDelegate.h; sourceTree = "<group>"; };
		36A5A55B187D2AB40011D16E /* AppDelegate.m */ = {isa = PBXFileReference; lastKnownFileType = sourcecode.c.objc; path = AppDelegate.m; sourceTree = "<group>"; };
		36A5A55E187D2AB40011D16E /* Base */ = {isa = PBXFileReference; lastKnownFileType = file.storyboard; name = Base; path = Base.lproj/Main.storyboard; sourceTree = "<group>"; };
		36A5A566187D2AB40011D16E /* Images.xcassets */ = {isa = PBXFileReference; lastKnownFileType = folder.assetcatalog; path = Images.xcassets; sourceTree = "<group>"; };
		36A5A56C187D2AB40011D16E /* Key_chainTests.xctest */ = {isa = PBXFileReference; explicitFileType = wrapper.cfbundle; includeInIndex = 0; path = Key_chainTests.xctest; sourceTree = BUILT_PRODUCTS_DIR; };
		36A5A56D187D2AB40011D16E /* XCTest.framework */ = {isa = PBXFileReference; lastKnownFileType = wrapper.framework; name = XCTest.framework; path = Library/Frameworks/XCTest.framework; sourceTree = DEVELOPER_DIR; };
		36A5A575187D2AB40011D16E /* Key_chainTests-Info.plist */ = {isa = PBXFileReference; lastKnownFileType = text.plist.xml; path = "Key_chainTests-Info.plist"; sourceTree = "<group>"; };
		36A5A577187D2AB40011D16E /* en */ = {isa = PBXFileReference; lastKnownFileType = text.plist.strings; name = en; path = en.lproj/InfoPlist.strings; sourceTree = "<group>"; };
		36A5A579187D2AB40011D16E /* Key_chainTests.m */ = {isa = PBXFileReference; lastKnownFileType = sourcecode.c.objc; path = Key_chainTests.m; sourceTree = "<group>"; };
		36A5A583187D2C470011D16E /* BLECentralSingleton.h */ = {isa = PBXFileReference; fileEncoding = 4; lastKnownFileType = sourcecode.c.h; path = BLECentralSingleton.h; sourceTree = "<group>"; };
		36A5A584187D2C470011D16E /* BLECentralSingleton.m */ = {isa = PBXFileReference; fileEncoding = 4; lastKnownFileType = sourcecode.c.objc; path = BLECentralSingleton.m; sourceTree = "<group>"; };
		36A5A586187DB4F90011D16E /* KeyChainViewController.h */ = {isa = PBXFileReference; fileEncoding = 4; lastKnownFileType = sourcecode.c.h; path = KeyChainViewController.h; sourceTree = "<group>"; };
		36A5A587187DB4F90011D16E /* KeyChainViewController.m */ = {isa = PBXFileReference; fileEncoding = 4; lastKnownFileType = sourcecode.c.objc; path = KeyChainViewController.m; sourceTree = "<group>"; };
		36A5A589187DB7640011D16E /* BLEDeviceViewController.h */ = {isa = PBXFileReference; fileEncoding = 4; lastKnownFileType = sourcecode.c.h; path = BLEDeviceViewController.h; sourceTree = "<group>"; };
		36A5A58A187DB7640011D16E /* BLEDeviceViewController.m */ = {isa = PBXFileReference; fileEncoding = 4; lastKnownFileType = sourcecode.c.objc; path = BLEDeviceViewController.m; sourceTree = "<group>"; };
		36C3419218C75D630022BD0A /* KeyChainSettingViewController.h */ = {isa = PBXFileReference; fileEncoding = 4; lastKnownFileType = sourcecode.c.h; path = KeyChainSettingViewController.h; sourceTree = "<group>"; };
		36C3419318C75D630022BD0A /* KeyChainSettingViewController.m */ = {isa = PBXFileReference; fileEncoding = 4; lastKnownFileType = sourcecode.c.objc; path = KeyChainSettingViewController.m; sourceTree = "<group>"; };
		36C3419518C839730022BD0A /* SprintronCBPeripheral.h */ = {isa = PBXFileReference; fileEncoding = 4; lastKnownFileType = sourcecode.c.h; path = SprintronCBPeripheral.h; sourceTree = "<group>"; };
		36C3419618C839730022BD0A /* SprintronCBPeripheral.m */ = {isa = PBXFileReference; fileEncoding = 4; lastKnownFileType = sourcecode.c.objc; path = SprintronCBPeripheral.m; sourceTree = "<group>"; };
		36C3419818CC7E9B0022BD0A /* Conn_params_ViewController.h */ = {isa = PBXFileReference; fileEncoding = 4; lastKnownFileType = sourcecode.c.h; path = Conn_params_ViewController.h; sourceTree = "<group>"; };
		36C3419918CC7E9B0022BD0A /* Conn_params_ViewController.m */ = {isa = PBXFileReference; fileEncoding = 4; lastKnownFileType = sourcecode.c.objc; path = Conn_params_ViewController.m; sourceTree = "<group>"; };
		36F9A9C118B9CE8A00DFFCEA /* KeychainProfile.h */ = {isa = PBXFileReference; fileEncoding = 4; lastKnownFileType = sourcecode.c.h; path = KeychainProfile.h; sourceTree = "<group>"; };
		36F9A9C218B9CE8A00DFFCEA /* KeychainProfile.m */ = {isa = PBXFileReference; fileEncoding = 4; lastKnownFileType = sourcecode.c.objc; path = KeychainProfile.m; sourceTree = "<group>"; };
		36F9EC3518AF1F4500B7E664 /* Keychain.h */ = {isa = PBXFileReference; fileEncoding = 4; lastKnownFileType = sourcecode.c.h; path = Keychain.h; sourceTree = "<group>"; };
		36F9EC3618AF1F4500B7E664 /* Keychain.m */ = {isa = PBXFileReference; fileEncoding = 4; lastKnownFileType = sourcecode.c.objc; path = Keychain.m; sourceTree = "<group>"; };
		36F9EC3818B080FF00B7E664 /* KeyChainDetailViewController.h */ = {isa = PBXFileReference; fileEncoding = 4; lastKnownFileType = sourcecode.c.h; path = KeyChainDetailViewController.h; sourceTree = "<group>"; };
		36F9EC3918B080FF00B7E664 /* KeyChainDetailViewController.m */ = {isa = PBXFileReference; fileEncoding = 4; lastKnownFileType = sourcecode.c.objc; path = KeyChainDetailViewController.m; sourceTree = "<group>"; };
		36F9EC3B18B2E89100B7E664 /* SprintronBLECentral.h */ = {isa = PBXFileReference; fileEncoding = 4; lastKnownFileType = sourcecode.c.h; path = SprintronBLECentral.h; sourceTree = "<group>"; };
		36F9EC3C18B2E89100B7E664 /* SprintronBLECentral.m */ = {isa = PBXFileReference; fileEncoding = 4; lastKnownFileType = sourcecode.c.objc; path = SprintronBLECentral.m; sourceTree = "<group>"; };
		36F9EC3E18B2F76D00B7E664 /* Sprintron_logo_300x300.jpg */ = {isa = PBXFileReference; lastKnownFileType = image.jpeg; path = Sprintron_logo_300x300.jpg; sourceTree = "<group>"; };
		36FFBAE618CD02A9009501A5 /* Sprintron_Utility.h */ = {isa = PBXFileReference; fileEncoding = 4; lastKnownFileType = sourcecode.c.h; path = Sprintron_Utility.h; sourceTree = "<group>"; };
		36FFBAE718CD02A9009501A5 /* Sprintron_Utility.m */ = {isa = PBXFileReference; fileEncoding = 4; lastKnownFileType = sourcecode.c.objc; path = Sprintron_Utility.m; sourceTree = "<group>"; };
/* End PBXFileReference section */

/* Begin PBXFrameworksBuildPhase section */
		36A5A545187D2AB40011D16E /* Frameworks */ = {
			isa = PBXFrameworksBuildPhase;
			buildActionMask = 2147483647;
			files = (
				36A5A54E187D2AB40011D16E /* CoreGraphics.framework in Frameworks */,
				36A5A550187D2AB40011D16E /* UIKit.framework in Frameworks */,
				36A5A54C187D2AB40011D16E /* Foundation.framework in Frameworks */,
			);
			runOnlyForDeploymentPostprocessing = 0;
		};
		36A5A569187D2AB40011D16E /* Frameworks */ = {
			isa = PBXFrameworksBuildPhase;
			buildActionMask = 2147483647;
			files = (
				36A5A56E187D2AB40011D16E /* XCTest.framework in Frameworks */,
				36A5A570187D2AB40011D16E /* UIKit.framework in Frameworks */,
				36A5A56F187D2AB40011D16E /* Foundation.framework in Frameworks */,
			);
			runOnlyForDeploymentPostprocessing = 0;
		};
/* End PBXFrameworksBuildPhase section */

/* Begin PBXGroup section */
		36A5A53F187D2AB40011D16E = {
			isa = PBXGroup;
			children = (
				36A5A551187D2AB40011D16E /* Key_chain */,
				36A5A573187D2AB40011D16E /* Key_chainTests */,
				36A5A54A187D2AB40011D16E /* Frameworks */,
				36A5A549187D2AB40011D16E /* Products */,
			);
			sourceTree = "<group>";
		};
		36A5A549187D2AB40011D16E /* Products */ = {
			isa = PBXGroup;
			children = (
				36A5A548187D2AB40011D16E /* Key_chain.app */,
				36A5A56C187D2AB40011D16E /* Key_chainTests.xctest */,
			);
			name = Products;
			sourceTree = "<group>";
		};
		36A5A54A187D2AB40011D16E /* Frameworks */ = {
			isa = PBXGroup;
			children = (
				36A5A54B187D2AB40011D16E /* Foundation.framework */,
				36A5A54D187D2AB40011D16E /* CoreGraphics.framework */,
				36A5A54F187D2AB40011D16E /* UIKit.framework */,
				36A5A56D187D2AB40011D16E /* XCTest.framework */,
			);
			name = Frameworks;
			sourceTree = "<group>";
		};
		36A5A551187D2AB40011D16E /* Key_chain */ = {
			isa = PBXGroup;
			children = (
				36A5A583187D2C470011D16E /* BLECentralSingleton.h */,
				36A5A584187D2C470011D16E /* BLECentralSingleton.m */,
				36C3419518C839730022BD0A /* SprintronCBPeripheral.h */,
				36C3419618C839730022BD0A /* SprintronCBPeripheral.m */,
				36F9EC3B18B2E89100B7E664 /* SprintronBLECentral.h */,
				36F9EC3C18B2E89100B7E664 /* SprintronBLECentral.m */,
				36A5A586187DB4F90011D16E /* KeyChainViewController.h */,
				36A5A587187DB4F90011D16E /* KeyChainViewController.m */,
				36F9EC3818B080FF00B7E664 /* KeyChainDetailViewController.h */,
				36F9EC3918B080FF00B7E664 /* KeyChainDetailViewController.m */,
				36C3419218C75D630022BD0A /* KeyChainSettingViewController.h */,
				36C3419318C75D630022BD0A /* KeyChainSettingViewController.m */,
				36A5A589187DB7640011D16E /* BLEDeviceViewController.h */,
				36A5A58A187DB7640011D16E /* BLEDeviceViewController.m */,
				36F9EC3518AF1F4500B7E664 /* Keychain.h */,
				36F9EC3618AF1F4500B7E664 /* Keychain.m */,
				36F9A9C118B9CE8A00DFFCEA /* KeychainProfile.h */,
				36F9A9C218B9CE8A00DFFCEA /* KeychainProfile.m */,
				36C3419818CC7E9B0022BD0A /* Conn_params_ViewController.h */,
				36C3419918CC7E9B0022BD0A /* Conn_params_ViewController.m */,
				36A5A55D187D2AB40011D16E /* Main.storyboard */,
				36A5A566187D2AB40011D16E /* Images.xcassets */,
				36A5A552187D2AB40011D16E /* Supporting Files */,
				36FFBAE618CD02A9009501A5 /* Sprintron_Utility.h */,
				36FFBAE718CD02A9009501A5 /* Sprintron_Utility.m */,
			);
			path = Key_chain;
			sourceTree = "<group>";
		};
		36A5A552187D2AB40011D16E /* Supporting Files */ = {
			isa = PBXGroup;
			children = (
				36F9EC3E18B2F76D00B7E664 /* Sprintron_logo_300x300.jpg */,
				36A5A55A187D2AB40011D16E /* AppDelegate.h */,
				36A5A55B187D2AB40011D16E /* AppDelegate.m */,
				36A5A553187D2AB40011D16E /* Key_chain-Info.plist */,
				36A5A554187D2AB40011D16E /* InfoPlist.strings */,
				36A5A557187D2AB40011D16E /* main.m */,
				36A5A559187D2AB40011D16E /* Key_chain-Prefix.pch */,
			);
			name = "Supporting Files";
			sourceTree = "<group>";
		};
		36A5A573187D2AB40011D16E /* Key_chainTests */ = {
			isa = PBXGroup;
			children = (
				36A5A579187D2AB40011D16E /* Key_chainTests.m */,
				36A5A574187D2AB40011D16E /* Supporting Files */,
			);
			path = Key_chainTests;
			sourceTree = "<group>";
		};
		36A5A574187D2AB40011D16E /* Supporting Files */ = {
			isa = PBXGroup;
			children = (
				36A5A575187D2AB40011D16E /* Key_chainTests-Info.plist */,
				36A5A576187D2AB40011D16E /* InfoPlist.strings */,
			);
			name = "Supporting Files";
			sourceTree = "<group>";
		};
/* End PBXGroup section */

/* Begin PBXNativeTarget section */
		36A5A547187D2AB40011D16E /* Key_chain */ = {
			isa = PBXNativeTarget;
			buildConfigurationList = 36A5A57D187D2AB40011D16E /* Build configuration list for PBXNativeTarget "Key_chain" */;
			buildPhases = (
				36A5A544187D2AB40011D16E /* Sources */,
				36A5A545187D2AB40011D16E /* Frameworks */,
				36A5A546187D2AB40011D16E /* Resources */,
			);
			buildRules = (
			);
			dependencies = (
			);
			name = Key_chain;
			productName = Key_chain;
			productReference = 36A5A548187D2AB40011D16E /* Key_chain.app */;
			productType = "com.apple.product-type.application";
		};
		36A5A56B187D2AB40011D16E /* Key_chainTests */ = {
			isa = PBXNativeTarget;
			buildConfigurationList = 36A5A580187D2AB40011D16E /* Build configuration list for PBXNativeTarget "Key_chainTests" */;
			buildPhases = (
				36A5A568187D2AB40011D16E /* Sources */,
				36A5A569187D2AB40011D16E /* Frameworks */,
				36A5A56A187D2AB40011D16E /* Resources */,
			);
			buildRules = (
			);
			dependencies = (
				36A5A572187D2AB40011D16E /* PBXTargetDependency */,
			);
			name = Key_chainTests;
			productName = Key_chainTests;
			productReference = 36A5A56C187D2AB40011D16E /* Key_chainTests.xctest */;
			productType = "com.apple.product-type.bundle.unit-test";
		};
/* End PBXNativeTarget section */

/* Begin PBXProject section */
		36A5A540187D2AB40011D16E /* Project object */ = {
			isa = PBXProject;
			attributes = {
				LastUpgradeCheck = 0500;
				ORGANIZATIONNAME = "Brandon Chen";
				TargetAttributes = {
					36A5A547187D2AB40011D16E = {
						SystemCapabilities = {
							com.apple.BackgroundModes = {
								enabled = 1;
							};
						};
					};
					36A5A56B187D2AB40011D16E = {
						TestTargetID = 36A5A547187D2AB40011D16E;
					};
				};
			};
			buildConfigurationList = 36A5A543187D2AB40011D16E /* Build configuration list for PBXProject "Key_chain" */;
			compatibilityVersion = "Xcode 3.2";
			developmentRegion = English;
			hasScannedForEncodings = 0;
			knownRegions = (
				en,
				Base,
			);
			mainGroup = 36A5A53F187D2AB40011D16E;
			productRefGroup = 36A5A549187D2AB40011D16E /* Products */;
			projectDirPath = "";
			projectRoot = "";
			targets = (
				36A5A547187D2AB40011D16E /* Key_chain */,
				36A5A56B187D2AB40011D16E /* Key_chainTests */,
			);
		};
/* End PBXProject section */

/* Begin PBXResourcesBuildPhase section */
		36A5A546187D2AB40011D16E /* Resources */ = {
			isa = PBXResourcesBuildPhase;
			buildActionMask = 2147483647;
			files = (
				36A5A567187D2AB40011D16E /* Images.xcassets in Resources */,
				36F9EC3F18B2F76D00B7E664 /* Sprintron_logo_300x300.jpg in Resources */,
				36A5A556187D2AB40011D16E /* InfoPlist.strings in Resources */,
				36A5A55F187D2AB40011D16E /* Main.storyboard in Resources */,
			);
			runOnlyForDeploymentPostprocessing = 0;
		};
		36A5A56A187D2AB40011D16E /* Resources */ = {
			isa = PBXResourcesBuildPhase;
			buildActionMask = 2147483647;
			files = (
				36A5A578187D2AB40011D16E /* InfoPlist.strings in Resources */,
			);
			runOnlyForDeploymentPostprocessing = 0;
		};
/* End PBXResourcesBuildPhase section */

/* Begin PBXSourcesBuildPhase section */
		36A5A544187D2AB40011D16E /* Sources */ = {
			isa = PBXSourcesBuildPhase;
			buildActionMask = 2147483647;
			files = (
				36C3419418C75D630022BD0A /* KeyChainSettingViewController.m in Sources */,
				36C3419718C839730022BD0A /* SprintronCBPeripheral.m in Sources */,
				36C3419A18CC7E9B0022BD0A /* Conn_params_ViewController.m in Sources */,
				36F9A9C318B9CE8A00DFFCEA /* KeychainProfile.m in Sources */,
				36F9EC3D18B2E89100B7E664 /* SprintronBLECentral.m in Sources */,
				36F9EC3718AF1F4500B7E664 /* Keychain.m in Sources */,
				36A5A585187D2C470011D16E /* BLECentralSingleton.m in Sources */,
				36A5A58B187DB7640011D16E /* BLEDeviceViewController.m in Sources */,
				36A5A55C187D2AB40011D16E /* AppDelegate.m in Sources */,
				36FFBAE818CD02A9009501A5 /* Sprintron_Utility.m in Sources */,
				36A5A588187DB4F90011D16E /* KeyChainViewController.m in Sources */,
				36A5A558187D2AB40011D16E /* main.m in Sources */,
				36F9EC3A18B080FF00B7E664 /* KeyChainDetailViewController.m in Sources */,
			);
			runOnlyForDeploymentPostprocessing = 0;
		};
		36A5A568187D2AB40011D16E /* Sources */ = {
			isa = PBXSourcesBuildPhase;
			buildActionMask = 2147483647;
			files = (
				36A5A57A187D2AB40011D16E /* Key_chainTests.m in Sources */,
			);
			runOnlyForDeploymentPostprocessing = 0;
		};
/* End PBXSourcesBuildPhase section */

/* Begin PBXTargetDependency section */
		36A5A572187D2AB40011D16E /* PBXTargetDependency */ = {
			isa = PBXTargetDependency;
			target = 36A5A547187D2AB40011D16E /* Key_chain */;
			targetProxy = 36A5A571187D2AB40011D16E /* PBXContainerItemProxy */;
		};
/* End PBXTargetDependency section */

/* Begin PBXVariantGroup section */
		36A5A554187D2AB40011D16E /* InfoPlist.strings */ = {
			isa = PBXVariantGroup;
			children = (
				36A5A555187D2AB40011D16E /* en */,
			);
			name = InfoPlist.strings;
			sourceTree = "<group>";
		};
		36A5A55D187D2AB40011D16E /* Main.storyboard */ = {
			isa = PBXVariantGroup;
			children = (
				36A5A55E187D2AB40011D16E /* Base */,
			);
			name = Main.storyboard;
			sourceTree = "<group>";
		};
		36A5A576187D2AB40011D16E /* InfoPlist.strings */ = {
			isa = PBXVariantGroup;
			children = (
				36A5A577187D2AB40011D16E /* en */,
			);
			name = InfoPlist.strings;
			sourceTree = "<group>";
		};
/* End PBXVariantGroup section */

/* Begin XCBuildConfiguration section */
		36A5A57B187D2AB40011D16E /* Debug */ = {
			isa = XCBuildConfiguration;
			buildSettings = {
				ALWAYS_SEARCH_USER_PATHS = NO;
				ARCHS = "$(ARCHS_STANDARD_INCLUDING_64_BIT)";
				CLANG_CXX_LANGUAGE_STANDARD = "gnu++0x";
				CLANG_CXX_LIBRARY = "libc++";
				CLANG_ENABLE_MODULES = YES;
				CLANG_ENABLE_OBJC_ARC = YES;
				CLANG_WARN_BOOL_CONVERSION = YES;
				CLANG_WARN_CONSTANT_CONVERSION = YES;
				CLANG_WARN_DIRECT_OBJC_ISA_USAGE = YES_ERROR;
				CLANG_WARN_EMPTY_BODY = YES;
				CLANG_WARN_ENUM_CONVERSION = YES;
				CLANG_WARN_INT_CONVERSION = YES;
				CLANG_WARN_OBJC_ROOT_CLASS = YES_ERROR;
				CLANG_WARN__DUPLICATE_METHOD_MATCH = YES;
				"CODE_SIGN_IDENTITY[sdk=iphoneos*]" = "iPhone Developer";
				COPY_PHASE_STRIP = NO;
				GCC_C_LANGUAGE_STANDARD = gnu99;
				GCC_DYNAMIC_NO_PIC = NO;
				GCC_OPTIMIZATION_LEVEL = 0;
				GCC_PREPROCESSOR_DEFINITIONS = (
					"DEBUG=1",
					"$(inherited)",
				);
				GCC_SYMBOLS_PRIVATE_EXTERN = NO;
				GCC_WARN_64_TO_32_BIT_CONVERSION = YES;
				GCC_WARN_ABOUT_RETURN_TYPE = YES_ERROR;
				GCC_WARN_UNDECLARED_SELECTOR = YES;
				GCC_WARN_UNINITIALIZED_AUTOS = YES;
				GCC_WARN_UNUSED_FUNCTION = YES;
				GCC_WARN_UNUSED_VARIABLE = YES;
				IPHONEOS_DEPLOYMENT_TARGET = 7.0;
				ONLY_ACTIVE_ARCH = YES;
				SDKROOT = iphoneos;
			};
			name = Debug;
		};
		36A5A57C187D2AB40011D16E /* Release */ = {
			isa = XCBuildConfiguration;
			buildSettings = {
				ALWAYS_SEARCH_USER_PATHS = NO;
				ARCHS = "$(ARCHS_STANDARD_INCLUDING_64_BIT)";
				CLANG_CXX_LANGUAGE_STANDARD = "gnu++0x";
				CLANG_CXX_LIBRARY = "libc++";
				CLANG_ENABLE_MODULES = YES;
				CLANG_ENABLE_OBJC_ARC = YES;
				CLANG_WARN_BOOL_CONVERSION = YES;
				CLANG_WARN_CONSTANT_CONVERSION = YES;
				CLANG_WARN_DIRECT_OBJC_ISA_USAGE = YES_ERROR;
				CLANG_WARN_EMPTY_BODY = YES;
				CLANG_WARN_ENUM_CONVERSION = YES;
				CLANG_WARN_INT_CONVERSION = YES;
				CLANG_WARN_OBJC_ROOT_CLASS = YES_ERROR;
				CLANG_WARN__DUPLICATE_METHOD_MATCH = YES;
				"CODE_SIGN_IDENTITY[sdk=iphoneos*]" = "iPhone Developer";
				COPY_PHASE_STRIP = YES;
				ENABLE_NS_ASSERTIONS = NO;
				GCC_C_LANGUAGE_STANDARD = gnu99;
				GCC_WARN_64_TO_32_BIT_CONVERSION = YES;
				GCC_WARN_ABOUT_RETURN_TYPE = YES_ERROR;
				GCC_WARN_UNDECLARED_SELECTOR = YES;
				GCC_WARN_UNINITIALIZED_AUTOS = YES;
				GCC_WARN_UNUSED_FUNCTION = YES;
				GCC_WARN_UNUSED_VARIABLE = YES;
				IPHONEOS_DEPLOYMENT_TARGET = 7.0;
				SDKROOT = iphoneos;
				VALIDATE_PRODUCT = YES;
			};
			name = Release;
		};
		36A5A57E187D2AB40011D16E /* Debug */ = {
			isa = XCBuildConfiguration;
			buildSettings = {
				ASSETCATALOG_COMPILER_APPICON_NAME = AppIcon;
				ASSETCATALOG_COMPILER_LAUNCHIMAGE_NAME = LaunchImage;
				GCC_PRECOMPILE_PREFIX_HEADER = YES;
				GCC_PREFIX_HEADER = "Key_chain/Key_chain-Prefix.pch";
				INFOPLIST_FILE = "Key_chain/Key_chain-Info.plist";
				PRODUCT_NAME = "$(TARGET_NAME)";
				WRAPPER_EXTENSION = app;
			};
			name = Debug;
		};
		36A5A57F187D2AB40011D16E /* Release */ = {
			isa = XCBuildConfiguration;
			buildSettings = {
				ASSETCATALOG_COMPILER_APPICON_NAME = AppIcon;
				ASSETCATALOG_COMPILER_LAUNCHIMAGE_NAME = LaunchImage;
				GCC_PRECOMPILE_PREFIX_HEADER = YES;
				GCC_PREFIX_HEADER = "Key_chain/Key_chain-Prefix.pch";
				INFOPLIST_FILE = "Key_chain/Key_chain-Info.plist";
				PRODUCT_NAME = "$(TARGET_NAME)";
				WRAPPER_EXTENSION = app;
			};
			name = Release;
		};
		36A5A581187D2AB40011D16E /* Debug */ = {
			isa = XCBuildConfiguration;
			buildSettings = {
				ARCHS = "$(ARCHS_STANDARD_INCLUDING_64_BIT)";
				BUNDLE_LOADER = "$(BUILT_PRODUCTS_DIR)/Key_chain.app/Key_chain";
				FRAMEWORK_SEARCH_PATHS = (
					"$(SDKROOT)/Developer/Library/Frameworks",
					"$(inherited)",
					"$(DEVELOPER_FRAMEWORKS_DIR)",
				);
				GCC_PRECOMPILE_PREFIX_HEADER = YES;
				GCC_PREFIX_HEADER = "Key_chain/Key_chain-Prefix.pch";
				GCC_PREPROCESSOR_DEFINITIONS = (
					"DEBUG=1",
					"$(inherited)",
				);
				INFOPLIST_FILE = "Key_chainTests/Key_chainTests-Info.plist";
				PRODUCT_NAME = "$(TARGET_NAME)";
				TEST_HOST = "$(BUNDLE_LOADER)";
				WRAPPER_EXTENSION = xctest;
			};
			name = Debug;
		};
		36A5A582187D2AB40011D16E /* Release */ = {
			isa = XCBuildConfiguration;
			buildSettings = {
				ARCHS = "$(ARCHS_STANDARD_INCLUDING_64_BIT)";
				BUNDLE_LOADER = "$(BUILT_PRODUCTS_DIR)/Key_chain.app/Key_chain";
				FRAMEWORK_SEARCH_PATHS = (
					"$(SDKROOT)/Developer/Library/Frameworks",
					"$(inherited)",
					"$(DEVELOPER_FRAMEWORKS_DIR)",
				);
				GCC_PRECOMPILE_PREFIX_HEADER = YES;
				GCC_PREFIX_HEADER = "Key_chain/Key_chain-Prefix.pch";
				INFOPLIST_FILE = "Key_chainTests/Key_chainTests-Info.plist";
				PRODUCT_NAME = "$(TARGET_NAME)";
				TEST_HOST = "$(BUNDLE_LOADER)";
				WRAPPER_EXTENSION = xctest;
			};
			name = Release;
		};
/* End XCBuildConfiguration section */

/* Begin XCConfigurationList section */
		36A5A543187D2AB40011D16E /* Build configuration list for PBXProject "Key_chain" */ = {
			isa = XCConfigurationList;
			buildConfigurations = (
				36A5A57B187D2AB40011D16E /* Debug */,
				36A5A57C187D2AB40011D16E /* Release */,
			);
			defaultConfigurationIsVisible = 0;
			defaultConfigurationName = Release;
		};
		36A5A57D187D2AB40011D16E /* Build configuration list for PBXNativeTarget "Key_chain" */ = {
			isa = XCConfigurationList;
			buildConfigurations = (
				36A5A57E187D2AB40011D16E /* Debug */,
				36A5A57F187D2AB40011D16E /* Release */,
			);
			defaultConfigurationIsVisible = 0;
			defaultConfigurationName = Release;
		};
		36A5A580187D2AB40011D16E /* Build configuration list for PBXNativeTarget "Key_chainTests" */ = {
			isa = XCConfigurationList;
			buildConfigurations = (
				36A5A581187D2AB40011D16E /* Debug */,
				36A5A582187D2AB40011D16E /* Release */,
			);
			defaultConfigurationIsVisible = 0;
			defaultConfigurationName = Release;
		};
/* End XCConfigurationList section */
	};
	rootObject = 36A5A540187D2AB40011D16E /* Project object */;
}
